
Microsoft Visual Studio Solution File, Format Version 12.00
# Visual Studio Version 16
VisualStudioVersion = 16.0.31105.61
MinimumVisualStudioVersion = 10.0.40219.1
Project("{FAE04EC0-301F-11D3-BF4B-00C04F79EFBC}") = "DepartmentalStoreApp.Domain", "DepartmentalStoreApp.Domain\DepartmentalStoreApp.Domain.csproj", "{DA2C2245-6CEA-4505-8B8E-C88F8D98AE8E}"
EndProject
Project("{FAE04EC0-301F-11D3-BF4B-00C04F79EFBC}") = "DepartmentalStoreApp.Data", "DepartmentalStoreApp.Data\DepartmentalStoreApp.Data.csproj", "{7BE9ED92-F2DB-4031-80C4-167FDE09015C}"
EndProject
Project("{FAE04EC0-301F-11D3-BF4B-00C04F79EFBC}") = "Store Console App", "Store Console App\Store Console App.csproj", "{EAF7DEF8-5C2A-40C6-AEB8-9BD4C0EA961A}"
EndProject
Global
	GlobalSection(SolutionConfigurationPlatforms) = preSolution
		Debug|Any CPU = Debug|Any CPU
		Release|Any CPU = Release|Any CPU
	EndGlobalSection
	GlobalSection(ProjectConfigurationPlatforms) = postSolution
		{DA2C2245-6CEA-4505-8B8E-C88F8D98AE8E}.Debug|Any CPU.ActiveCfg = Debug|Any CPU
		{DA2C2245-6CEA-4505-8B8E-C88F8D98AE8E}.Debug|Any CPU.Build.0 = Debug|Any CPU
		{DA2C2245-6CEA-4505-8B8E-C88F8D98AE8E}.Release|Any CPU.ActiveCfg = Release|Any CPU
		{DA2C2245-6CEA-4505-8B8E-C88F8D98AE8E}.Release|Any CPU.Build.0 = Release|Any CPU
		{7BE9ED92-F2DB-4031-80C4-167FDE09015C}.Debug|Any CPU.ActiveCfg = Debug|Any CPU
		{7BE9ED92-F2DB-4031-80C4-167FDE09015C}.Debug|Any CPU.Build.0 = Debug|Any CPU
		{7BE9ED92-F2DB-4031-80C4-167FDE09015C}.Release|Any CPU.ActiveCfg = Release|Any CPU
		{7BE9ED92-F2DB-4031-80C4-167FDE09015C}.Release|Any CPU.Build.0 = Release|Any CPU
		{EAF7DEF8-5C2A-40C6-AEB8-9BD4C0EA961A}.Debug|Any CPU.ActiveCfg = Debug|Any CPU
		{EAF7DEF8-5C2A-40C6-AEB8-9BD4C0EA961A}.Debug|Any CPU.Build.0 = Debug|Any CPU
		{EAF7DEF8-5C2A-40C6-AEB8-9BD4C0EA961A}.Release|Any CPU.ActiveCfg = Release|Any CPU
		{EAF7DEF8-5C2A-40C6-AEB8-9BD4C0EA961A}.Release|Any CPU.Build.0 = Release|Any CPU
	EndGlobalSection
	GlobalSection(SolutionProperties) = preSolution
		HideSolutionNode = FALSE
	EndGlobalSection
	GlobalSection(ExtensibilityGlobals) = postSolution
		SolutionGuid = {9BAC24D7-78A8-46E7-8018-22430C5CF4FB}
	EndGlobalSection
EndGlobal
